<?xml version="1.0" encoding="UTF-8" standalone="yes" ?>
<CodeBlocks_project_file>
	<FileVersion major="1" minor="6" />
	<Project>
		<Option title="poo-1" />
		<Option pch_mode="2" />
		<Option compiler="gcc" />
		<Build>
			<Target title="Debug">
				<Option output="bin/Debug/poo-1" prefix_auto="1" extension_auto="1" />
				<Option object_output="obj/Debug/" />
				<Option type="1" />
				<Option compiler="gcc" />
				<Compiler>
					<Add option="-g" />
				</Compiler>
			</Target>
			<Target title="Release">
				<Option output="bin/Release/poo-1" prefix_auto="1" extension_auto="1" />
				<Option object_output="obj/Release/" />
				<Option type="1" />
				<Option compiler="gcc" />
				<Compiler>
					<Add option="-O2" />
				</Compiler>
				<Linker>
					<Add option="-s" />
				</Linker>
			</Target>
		</Build>
		<Compiler>
			<Add option="-Wall" />
			<Add option="-fexceptions" />
		</Compiler>
		<Unit filename="Country.cpp" />
		<Unit filename="Country.h" />
		<Unit filename="Dead.cpp" />
		<Unit filename="Dead.h" />
		<Unit filename="HealthState.cpp" />
		<Unit filename="HealthState.h" />
		<Unit filename="HealthStats.cpp" />
		<Unit filename="HealthStats.h" />
		<Unit filename="Healthy.cpp" />
		<Unit filename="Healthy.h" />
		<Unit filename="Human.cpp" />
		<Unit filename="Human.h" />
		<Unit filename="Immune.cpp" />
		<Unit filename="Immune.h" />
		<Unit filename="Infected.cpp" />
		<Unit filename="Infected.h" />
		<Unit filename="Sick.cpp" />
		<Unit filename="Sick.h" />
		<Unit filename="Simulator.cpp" />
		<Unit filename="Simulator.h" />
		<Unit filename="SimulatorRules.cpp" />
		<Unit filename="SimulatorRules.h" />
		<Unit filename="Word.cpp" />
		<Unit filename="Word.h" />
		<Unit filename="main.cpp" />
		<Extensions>
			<lib_finder disable_auto="1" />
		</Extensions>
	</Project>
</CodeBlocks_project_file>
